{
  "manifest_sha256": "2756246097366a5a475a4f4c383bb41db20329ebb21b773685787f4b47a896f5",
  "repositories": [
    {
      "commit": "3cc6d2e4a171db64d9d32fa43d79fd32a81a35a3",
      "path": "../libraries/lib_error",
      "type": "c",
      "url": "https://github.com/programming101dev/lib_error.git"
    },
    {
      "commit": "1facf079d2173f2ae3b57912fc542d25bdaf5b14",
      "path": "../libraries/lib_transition",
      "type": "c",
      "url": "https://github.com/programming101dev/lib_transition.git"
    },
    {
      "commit": "37392255bb53992a0503a34722458da489659533",
      "path": "../libraries/lib_record",
      "type": "c",
      "url": "https://github.com/programming101dev/lib_record.git"
    },
    {
      "commit": "ca831b517d6012b2268d7e85db36380a423dfe83",
      "path": "../libraries/lib_json",
      "type": "c",
      "url": "https://github.com/programming101dev/lib_json.git"
    },
    {
      "commit": "3a669102cf6452f80448bf81c279dac650aa21b9",
      "path": "../libraries/lib_tool_support",
      "type": "c",
      "url": "https://github.com/programming101dev/lib_tool_support.git"
    },
    {
      "commit": "080c49237bf9161726d8f0bdd567b80ac00fcca3",
      "path": "../libraries/lib_tool_event",
      "type": "c",
      "url": "https://github.com/programming101dev/lib_tool_event.git"
    },
    {
      "commit": "d242175cca78335a9d3993df84c3db598125bb35",
      "path": "../libraries/lib_env",
      "type": "c",
      "url": "https://github.com/programming101dev/lib_env.git"
    },
    {
      "commit": "82d20fe561b8926661e650ba2c7312a9cb8b2777",
      "path": "../libraries/lib_c",
      "type": "c",
      "url": "https://github.com/programming101dev/lib_c.git"
    },
    {
      "commit": "ad4b34443ddd8cbd307a11acaba6e8b5322f3781",
      "path": "../libraries/lib_io",
      "type": "c",
      "url": "https://github.com/programming101dev/lib_io.git"
    },
    {
      "commit": "bbf09ffc795af3e1b2799d364af48e668eb6f73a",
      "path": "../libraries/lib_filesystem",
      "type": "c",
      "url": "https://github.com/programming101dev/lib_filesystem.git"
    },
    {
      "commit": "8605963c04246bc6db13822d3124a5a26127de81",
      "path": "../libraries/lib_c_facts",
      "type": "c",
      "url": "https://github.com/programming101dev/lib_c_facts.git"
    },
    {
      "commit": "34d05712172c533ebad709593d6b4db6dacdd1d9",
      "path": "../libraries/lib_memory",
      "type": "c",
      "url": "https://github.com/programming101dev/lib_memory.git"
    },
    {
      "commit": "1cc4186a7b6fbb354e34ec68eff0574c4befc19d",
      "path": "../libraries/lib_process",
      "type": "c",
      "url": "https://github.com/programming101dev/lib_process.git"
    },
    {
      "commit": "d55a744b7a45b08b2b3e82f6fdbfba3a96942170",
      "path": "../libraries/lib_concurrency",
      "type": "c",
      "url": "https://github.com/programming101dev/lib_concurrency.git"
    },
    {
      "commit": "25fc9d675d73169610b35f7b28f90db634c112b1",
      "path": "../libraries/lib_ipc",
      "type": "c",
      "url": "https://github.com/programming101dev/lib_ipc.git"
    },
    {
      "commit": "a110ebd8f1ed72974a7c4ace6a4a5e9351c5e903",
      "path": "../libraries/lib_network",
      "type": "c",
      "url": "https://github.com/programming101dev/lib_network.git"
    },
    {
      "commit": "de9e696327b1f9a6a682332fc2241d6b2af1a2dd",
      "path": "../libraries/lib_terminal",
      "type": "c",
      "url": "https://github.com/programming101dev/lib_terminal.git"
    },
    {
      "commit": "c22d91e0be08c475842210992169c3e1d7dc88c9",
      "path": "../libraries/lib_time",
      "type": "c",
      "url": "https://github.com/programming101dev/lib_time.git"
    },
    {
      "commit": "ca3ac2233d8cefc6681c155ebeb0b54950cb6b44",
      "path": "../libraries/lib_identity",
      "type": "c",
      "url": "https://github.com/programming101dev/lib_identity.git"
    },
    {
      "commit": "1f2109e49de7b3d58dc765820e692d5a5cd08830",
      "path": "../libraries/lib_text",
      "type": "c",
      "url": "https://github.com/programming101dev/lib_text.git"
    },
    {
      "commit": "29655f425fbb5561b96a80f94ac512dcc3510ac9",
      "path": "../libraries/lib_numeric",
      "type": "c",
      "url": "https://github.com/programming101dev/lib_numeric.git"
    },
    {
      "commit": "5b77037e7f5c235a0969b0a0726bfdfb269a6aba",
      "path": "../libraries/lib_search",
      "type": "c",
      "url": "https://github.com/programming101dev/lib_search.git"
    },
    {
      "commit": "4f3d255bd2a9cbf61f9545ecaac248b74e489ee5",
      "path": "../libraries/lib_dynamic_linking",
      "type": "c",
      "url": "https://github.com/programming101dev/lib_dynamic_linking.git"
    },
    {
      "commit": "c320b184ff1337796a5a2f3773bb43162c8819d1",
      "path": "../libraries/lib_diagnostics",
      "type": "c",
      "url": "https://github.com/programming101dev/lib_diagnostics.git"
    },
    {
      "commit": "f27c298ed5801fb796b3567406e8a634a030b09e",
      "path": "../libraries/lib_database",
      "type": "c",
      "url": "https://github.com/programming101dev/lib_database.git"
    },
    {
      "commit": "516e1632ed545bdcb1c9b7d4aceaf6d4ba097aa1",
      "path": "../libraries/lib_cli",
      "type": "c",
      "url": "https://github.com/programming101dev/lib_cli.git"
    },
    {
      "commit": "2c9264a941a710ae98fa71e692c42310096269be",
      "path": "../libraries/lib_host",
      "type": "c",
      "url": "https://github.com/programming101dev/lib_host.git"
    },
    {
      "commit": "fc0276c034ff92750688e7888c8bcff1316cae70",
      "path": "../libraries/lib_fsm",
      "type": "c",
      "url": "https://github.com/programming101dev/lib_fsm.git"
    },
    {
      "commit": "468f7359a9fefc1e88a1fe22be6c0d76fecae55c",
      "path": "../libraries/lib_endian",
      "type": "c",
      "url": "https://github.com/programming101dev/lib_endian.git"
    },
    {
      "commit": "03b069762872a1eb06d255cff7b98021b778cbd4",
      "path": "../libraries/lib_subprocess",
      "type": "c",
      "url": "https://github.com/programming101dev/lib_subprocess.git"
    },
    {
      "commit": "ddca7241677d76cb076b6e1e54d997fe6a15ef0b",
      "path": "../libraries/lib_convert",
      "type": "c",
      "url": "https://github.com/programming101dev/lib_convert.git"
    },
    {
      "commit": "7da8b0f1bed542faabde645779cebcf31ab99c20",
      "path": "../programs/p101-port-forwarder",
      "type": "c",
      "url": "https://github.com/programming101dev/p101-port-forwarder.git"
    },
    {
      "commit": "da9fde78594f3abd0a4860e671cc97d136e47db6",
      "path": "../programs/p101-inspect",
      "type": "c",
      "url": "https://github.com/programming101dev/p101-inspect.git"
    },
    {
      "commit": "7cf86998f636bd69f4c49753f8cc8aa5d02f4cfe",
      "path": "../programs/p101-test",
      "type": "c",
      "url": "https://github.com/programming101dev/p101-test.git"
    },
    {
      "commit": "9a3004a9955990fa0501abf14c9f0a3c429179db",
      "path": "../programs/p101-audit",
      "type": "c",
      "url": "https://github.com/programming101dev/p101-audit.git"
    },
    {
      "commit": "6567994ffe705e857a9aa51bc27094a5e83cea42",
      "path": "../playgrounds",
      "type": "c",
      "url": "https://github.com/programming101dev/playgrounds.git"
    },
    {
      "commit": "67d7968b292519cf6a45dea6ed7782242327a42e",
      "path": "../templates/template-c",
      "type": "c",
      "url": "https://github.com/programming101dev/template-c.git"
    },
    {
      "commit": "02df6bb9316b46e6c24861b7c41e884e3d3103a2",
      "path": "../templates/template-c-program",
      "type": "c",
      "url": "https://github.com/programming101dev/template-c-program.git"
    },
    {
      "commit": "665275cca115979239b67a34a19c524ecb22907e",
      "path": "../templates/template-cxx",
      "type": "cxx",
      "url": "https://github.com/programming101dev/template-cpp.git"
    },
    {
      "commit": "7ed18f959fe1489f3efef21bebf4fe4ffd9dc0e7",
      "path": "../examples/c-examples",
      "type": "c-reference",
      "url": "https://github.com/programming101dev/c-examples.git"
    },
    {
      "commit": "13179d6c41eb5ff392335643d08b00f99fa0a953",
      "path": "../examples/lib_error_examples",
      "type": "c",
      "url": "https://github.com/programming101dev/lib_error_examples.git"
    },
    {
      "commit": "b77e2c04e196a4888482942de72ec0760f91b295",
      "path": "../examples/lib_transition_examples",
      "type": "c",
      "url": "https://github.com/programming101dev/lib_transition_examples.git"
    },
    {
      "commit": "b0f54119b6ea296444fc4c0d668c56b6bd6308e2",
      "path": "../examples/lib_record_examples",
      "type": "c",
      "url": "https://github.com/programming101dev/lib_record_examples.git"
    },
    {
      "commit": "2e0b3bf4afb6fdfd252f47e41804c84a74f83679",
      "path": "../examples/lib_json_examples",
      "type": "c",
      "url": "https://github.com/programming101dev/lib_json_examples.git"
    },
    {
      "commit": "",
      "path": "../examples/lib_tool_support_examples",
      "type": "c-bootstrap",
      "url": "https://github.com/programming101dev/lib_tool_support_examples.git"
    },
    {
      "commit": "",
      "path": "../examples/lib_tool_event_examples",
      "type": "c-bootstrap",
      "url": "https://github.com/programming101dev/lib_tool_event_examples.git"
    },
    {
      "commit": "6f612fa8cf600f83773ac175e721494fd3cf39a1",
      "path": "../examples/lib_env_examples",
      "type": "c",
      "url": "https://github.com/programming101dev/lib_env_examples.git"
    },
    {
      "commit": "734f4950e92200e4d9ec15d90faefaa7d748ae01",
      "path": "../examples/lib_c_examples",
      "type": "c",
      "url": "https://github.com/programming101dev/lib_c_examples.git"
    },
    {
      "commit": "",
      "path": "../examples/lib_io_examples",
      "type": "c-bootstrap",
      "url": "https://github.com/programming101dev/lib_io_examples.git"
    },
    {
      "commit": "",
      "path": "../examples/lib_filesystem_examples",
      "type": "c-bootstrap",
      "url": "https://github.com/programming101dev/lib_filesystem_examples.git"
    },
    {
      "commit": "",
      "path": "../examples/lib_c_facts_examples",
      "type": "c-bootstrap",
      "url": "https://github.com/programming101dev/lib_c_facts_examples.git"
    },
    {
      "commit": "",
      "path": "../examples/lib_memory_examples",
      "type": "c-bootstrap",
      "url": "https://github.com/programming101dev/lib_memory_examples.git"
    },
    {
      "commit": "",
      "path": "../examples/lib_process_examples",
      "type": "c-bootstrap",
      "url": "https://github.com/programming101dev/lib_process_examples.git"
    },
    {
      "commit": "",
      "path": "../examples/lib_concurrency_examples",
      "type": "c-bootstrap",
      "url": "https://github.com/programming101dev/lib_concurrency_examples.git"
    },
    {
      "commit": "",
      "path": "../examples/lib_ipc_examples",
      "type": "c-bootstrap",
      "url": "https://github.com/programming101dev/lib_ipc_examples.git"
    },
    {
      "commit": "",
      "path": "../examples/lib_network_examples",
      "type": "c-bootstrap",
      "url": "https://github.com/programming101dev/lib_network_examples.git"
    },
    {
      "commit": "",
      "path": "../examples/lib_terminal_examples",
      "type": "c-bootstrap",
      "url": "https://github.com/programming101dev/lib_terminal_examples.git"
    },
    {
      "commit": "",
      "path": "../examples/lib_time_examples",
      "type": "c-bootstrap",
      "url": "https://github.com/programming101dev/lib_time_examples.git"
    },
    {
      "commit": "",
      "path": "../examples/lib_identity_examples",
      "type": "c-bootstrap",
      "url": "https://github.com/programming101dev/lib_identity_examples.git"
    },
    {
      "commit": "",
      "path": "../examples/lib_text_examples",
      "type": "c-bootstrap",
      "url": "https://github.com/programming101dev/lib_text_examples.git"
    },
    {
      "commit": "",
      "path": "../examples/lib_numeric_examples",
      "type": "c-bootstrap",
      "url": "https://github.com/programming101dev/lib_numeric_examples.git"
    },
    {
      "commit": "",
      "path": "../examples/lib_search_examples",
      "type": "c-bootstrap",
      "url": "https://github.com/programming101dev/lib_search_examples.git"
    },
    {
      "commit": "",
      "path": "../examples/lib_dynamic_linking_examples",
      "type": "c-bootstrap",
      "url": "https://github.com/programming101dev/lib_dynamic_linking_examples.git"
    },
    {
      "commit": "",
      "path": "../examples/lib_diagnostics_examples",
      "type": "c-bootstrap",
      "url": "https://github.com/programming101dev/lib_diagnostics_examples.git"
    },
    {
      "commit": "",
      "path": "../examples/lib_database_examples",
      "type": "c-bootstrap",
      "url": "https://github.com/programming101dev/lib_database_examples.git"
    },
    {
      "commit": "",
      "path": "../examples/lib_cli_examples",
      "type": "c-bootstrap",
      "url": "https://github.com/programming101dev/lib_cli_examples.git"
    },
    {
      "commit": "",
      "path": "../examples/lib_host_examples",
      "type": "c-bootstrap",
      "url": "https://github.com/programming101dev/lib_host_examples.git"
    },
    {
      "commit": "8d4046b7c658c40021af38ae81b3de9bfb05234a",
      "path": "../examples/lib_fsm_examples",
      "type": "c",
      "url": "https://github.com/programming101dev/lib_fsm_examples.git"
    },
    {
      "commit": "06e49a293bf44a6a222cabcd19cf331e7188a52a",
      "path": "../examples/lib_endian_examples",
      "type": "c",
      "url": "https://github.com/programming101dev/lib_endian_examples.git"
    },
    {
      "commit": "",
      "path": "../examples/lib_subprocess_examples",
      "type": "c-bootstrap",
      "url": "https://github.com/programming101dev/lib_subprocess_examples.git"
    },
    {
      "commit": "",
      "path": "../examples/lib_convert_examples",
      "type": "c-bootstrap",
      "url": "https://github.com/programming101dev/lib_convert_examples.git"
    }
  ],
  "schema": "p101-repository-lock-v1"
}
