{
  "manifest_sha256": "2f1dbe4ead066504e707366978c98d0aa3901359946d0f6852a520d9297fb74d",
  "repositories": [
    {
      "commit": "bb4f8acf9c715ea71a171692d7c5cd59f586dead",
      "path": "../libraries/lib_error",
      "type": "c",
      "url": "https://github.com/programming101dev/lib_error.git"
    },
    {
      "commit": "7789f49aefba06bd9706250e6b0b7e730d0ae1f7",
      "path": "../libraries/lib_tool_event",
      "type": "c",
      "url": "https://github.com/programming101dev/lib_tool_event.git"
    },
    {
      "commit": "d8935ea392bab6b9e8803618d2a729117c3b0f3a",
      "path": "../libraries/lib_env",
      "type": "c",
      "url": "https://github.com/programming101dev/lib_env.git"
    },
    {
      "commit": "a4cddabafc69f15b7660b9cc1262b45afe4273d1",
      "path": "../libraries/lib_c",
      "type": "c",
      "url": "https://github.com/programming101dev/lib_c.git"
    },
    {
      "commit": "b851ba65b157ed7a6285b0fda143ed9bbb8c1f6e",
      "path": "../libraries/lib_io",
      "type": "c",
      "url": "https://github.com/programming101dev/lib_io.git"
    },
    {
      "commit": "90e7dfbb6c2724ef38a2d30e8348b30cbe16cccf",
      "path": "../libraries/lib_filesystem",
      "type": "c",
      "url": "https://github.com/programming101dev/lib_filesystem.git"
    },
    {
      "commit": "31653e04e10f15472569f12a095f5183608ca2eb",
      "path": "../libraries/lib_c_facts",
      "type": "c",
      "url": "https://github.com/programming101dev/lib_c_facts.git"
    },
    {
      "commit": "9d262fe085306322d9c9454c0d113b93071daa09",
      "path": "../libraries/lib_memory",
      "type": "c",
      "url": "https://github.com/programming101dev/lib_memory.git"
    },
    {
      "commit": "40a3b4645c3ff1d6d5f94f281ce68d5b40070e67",
      "path": "../libraries/lib_process",
      "type": "c",
      "url": "https://github.com/programming101dev/lib_process.git"
    },
    {
      "commit": "959b002f0315a349cc8c594b22fb0bea0736ee41",
      "path": "../libraries/lib_thread",
      "type": "c",
      "url": "https://github.com/programming101dev/lib_thread.git"
    },
    {
      "commit": "d60809480d03e5c3985c39b900fea5871d79a3b4",
      "path": "../libraries/lib_sync",
      "type": "c",
      "url": "https://github.com/programming101dev/lib_sync.git"
    },
    {
      "commit": "496eff5f3538ded858aaba1a5826a098102a83a6",
      "path": "../libraries/lib_ipc",
      "type": "c",
      "url": "https://github.com/programming101dev/lib_ipc.git"
    },
    {
      "commit": "bf046d1b43f79ed9091864fc53dd69d844ddc925",
      "path": "../libraries/lib_network",
      "type": "c",
      "url": "https://github.com/programming101dev/lib_network.git"
    },
    {
      "commit": "8e8a95a8b5de6892e62181ea32f8d42033fee515",
      "path": "../libraries/lib_terminal",
      "type": "c",
      "url": "https://github.com/programming101dev/lib_terminal.git"
    },
    {
      "commit": "535805849d50e6cc9deae5d21f15c701f9ff82de",
      "path": "../libraries/lib_time",
      "type": "c",
      "url": "https://github.com/programming101dev/lib_time.git"
    },
    {
      "commit": "739fce99dcde66ab3054778ca4e46c1ae4b427d2",
      "path": "../libraries/lib_identity",
      "type": "c",
      "url": "https://github.com/programming101dev/lib_identity.git"
    },
    {
      "commit": "e50185bb06f8d9cbff43e0d2e2e57e28ea61f78e",
      "path": "../libraries/lib_text",
      "type": "c",
      "url": "https://github.com/programming101dev/lib_text.git"
    },
    {
      "commit": "fc517f3348a954c965f5eb57f83eb4bb006d88b0",
      "path": "../libraries/lib_locale",
      "type": "c",
      "url": "https://github.com/programming101dev/lib_locale.git"
    },
    {
      "commit": "5cb8c5508ee52d861579d9a9c21b98e4ede9f817",
      "path": "../libraries/lib_math",
      "type": "c",
      "url": "https://github.com/programming101dev/lib_math.git"
    },
    {
      "commit": "6a671adddf905ea9f33bbc7ea09eb9fd3e168635",
      "path": "../libraries/lib_search",
      "type": "c",
      "url": "https://github.com/programming101dev/lib_search.git"
    },
    {
      "commit": "06c3c3087b940722a1355c2f6fab41ab81f1efb3",
      "path": "../libraries/lib_dynamic_linking",
      "type": "c",
      "url": "https://github.com/programming101dev/lib_dynamic_linking.git"
    },
    {
      "commit": "0502d790685c0017b5fa05892b51c0c76cfca3df",
      "path": "../libraries/lib_diagnostics",
      "type": "c",
      "url": "https://github.com/programming101dev/lib_diagnostics.git"
    },
    {
      "commit": "a2a2d2d386c7d19096b1621cfb9f91975dc6de04",
      "path": "../libraries/lib_database",
      "type": "c",
      "url": "https://github.com/programming101dev/lib_database.git"
    },
    {
      "commit": "1f84ad6ecebd195b92f762a31f06fbfbf57874cf",
      "path": "../libraries/lib_cli",
      "type": "c",
      "url": "https://github.com/programming101dev/lib_cli.git"
    },
    {
      "commit": "c169a5f4cd6ec0e3052eeed378becf08a967ced7",
      "path": "../libraries/lib_random",
      "type": "c",
      "url": "https://github.com/programming101dev/lib_random.git"
    },
    {
      "commit": "bbe167c9ef356305a5141e685febf940a82bce73",
      "path": "../libraries/lib_host",
      "type": "c",
      "url": "https://github.com/programming101dev/lib_host.git"
    },
    {
      "commit": "768c9b04a52ff2c49bbe9e40cf58b960ad25f461",
      "path": "../libraries/lib_fsm",
      "type": "c",
      "url": "https://github.com/programming101dev/lib_fsm.git"
    },
    {
      "commit": "0913112f40c1653db57840b6daf638d6f0ff1a52",
      "path": "../libraries/lib_util",
      "type": "c",
      "url": "https://github.com/programming101dev/lib_util.git"
    },
    {
      "commit": "0b389186389880ed0a570c1a318b2f5f68dc82a1",
      "path": "../libraries/lib_convert",
      "type": "c",
      "url": "https://github.com/programming101dev/lib_convert.git"
    },
    {
      "commit": "e5542c9b0ea1c493128f5afcd618c26998d5f185",
      "path": "../programs/p101-port-forwarder",
      "type": "c",
      "url": "https://github.com/programming101dev/p101-port-forwarder.git"
    },
    {
      "commit": "3350bf8970fe8c92482764a00fc3c28e00813c3b",
      "path": "../programs/p101-inspect",
      "type": "c",
      "url": "https://github.com/programming101dev/p101-inspect.git"
    },
    {
      "commit": "c48f7541c4f4090df7a8d648f45104916f142bb2",
      "path": "../programs/p101-test",
      "type": "c",
      "url": "https://github.com/programming101dev/p101-test.git"
    },
    {
      "commit": "c0bb4a454f8c17bd3fce70329b0bc6871e95b540",
      "path": "../programs/p101-audit",
      "type": "c",
      "url": "https://github.com/programming101dev/p101-audit.git"
    },
    {
      "commit": "7e170da51515e7e12e0f05e748572cea1461e0a3",
      "path": "../playgrounds",
      "type": "c",
      "url": "https://github.com/programming101dev/playgrounds.git"
    },
    {
      "commit": "d9b8326c89adec1e9f5f0ba22b841bbfca26c011",
      "path": "../templates/template-c",
      "type": "c",
      "url": "https://github.com/programming101dev/template-c.git"
    },
    {
      "commit": "2d332c8511d6887075e52e66f0e1ac95479d1afd",
      "path": "../templates/template-c-program",
      "type": "c",
      "url": "https://github.com/programming101dev/template-c-program.git"
    },
    {
      "commit": "c6eb1586bb011567012a4bfe9ed8349ff7b8f532",
      "path": "../templates/template-cxx",
      "type": "cxx",
      "url": "https://github.com/programming101dev/template-cpp.git"
    },
    {
      "commit": "38b83ccc7181284abc276bb832a44fc727cd5e7f",
      "path": "../examples/c-examples",
      "type": "c",
      "url": "https://github.com/programming101dev/c-examples.git"
    },
    {
      "commit": "0f087540a840c120d2bfd862d551f08999fe0f06",
      "path": "../examples/lib_c_examples",
      "type": "c",
      "url": "https://github.com/programming101dev/lib_c_examples.git"
    },
    {
      "commit": "0fbe0bc9dd018e78bbb0ee1a1e9420906482c491",
      "path": "../examples/lib_env_examples",
      "type": "c",
      "url": "https://github.com/programming101dev/lib_env_examples.git"
    },
    {
      "commit": "aab4c91f9442ca9983e6a51500ab87f4e6a7c34c",
      "path": "../examples/lib_error_examples",
      "type": "c",
      "url": "https://github.com/programming101dev/lib_error_examples.git"
    },
    {
      "commit": "b17f6f8ad94fb2854ae588399abef1b748fb95d0",
      "path": "../examples/lib_fsm_examples",
      "type": "c",
      "url": "https://github.com/programming101dev/lib_fsm_examples.git"
    }
  ],
  "schema": "p101-repository-lock-v1"
}
