{
  "manifest_sha256": "db51c5099139111b97efa75ef96e2ab1651be158974fa4ada38ec9e2e2d388b4",
  "repositories": [
    {
      "commit": "d5c9a7c77c459161b3aec72eb6e7d615dc59e933",
      "path": "../libraries/lib_error",
      "type": "c",
      "url": "https://github.com/programming101dev/lib_error.git"
    },
    {
      "commit": "390f208d4223aad7834aaa8207af4b9ba9ebfc36",
      "path": "../libraries/lib_tool_event",
      "type": "c",
      "url": "https://github.com/programming101dev/lib_tool_event.git"
    },
    {
      "commit": "474aa21231666287bca14683a95b2cc25f23d34b",
      "path": "../libraries/lib_env",
      "type": "c",
      "url": "https://github.com/programming101dev/lib_env.git"
    },
    {
      "commit": "9f946a818a5c7784bf0635643c7d460851eadac3",
      "path": "../libraries/lib_c",
      "type": "c",
      "url": "https://github.com/programming101dev/lib_c.git"
    },
    {
      "commit": "6470691c52de6b393ec1358af4bbfbd6ef22543d",
      "path": "../libraries/lib_io",
      "type": "c",
      "url": "https://github.com/programming101dev/lib_io.git"
    },
    {
      "commit": "481a90a8a34c015763c7c1e5937a4a39b9c06b9f",
      "path": "../libraries/lib_filesystem",
      "type": "c",
      "url": "https://github.com/programming101dev/lib_filesystem.git"
    },
    {
      "commit": "385315852e627536d16eb4bb55842b7af4451c81",
      "path": "../libraries/lib_c_facts",
      "type": "c",
      "url": "https://github.com/programming101dev/lib_c_facts.git"
    },
    {
      "commit": "9a81b3549362e53bca031f16685eb20ce715b11c",
      "path": "../libraries/lib_memory",
      "type": "c",
      "url": "https://github.com/programming101dev/lib_memory.git"
    },
    {
      "commit": "d1be79e3e16530d91220f12421051b174a8f14c5",
      "path": "../libraries/lib_process",
      "type": "c",
      "url": "https://github.com/programming101dev/lib_process.git"
    },
    {
      "commit": "c1ae1989a35a4b212084db6f31e99305e653a0ec",
      "path": "../libraries/lib_thread",
      "type": "c",
      "url": "https://github.com/programming101dev/lib_thread.git"
    },
    {
      "commit": "ca5347481084942e2c47f2fce291d1b6fbe6c06e",
      "path": "../libraries/lib_sync",
      "type": "c",
      "url": "https://github.com/programming101dev/lib_sync.git"
    },
    {
      "commit": "076acda45e6889ce9ef64fce9838419b5434ff76",
      "path": "../libraries/lib_ipc",
      "type": "c",
      "url": "https://github.com/programming101dev/lib_ipc.git"
    },
    {
      "commit": "5c523d02beffeb39ed8997a506b08e380dad8d5b",
      "path": "../libraries/lib_network",
      "type": "c",
      "url": "https://github.com/programming101dev/lib_network.git"
    },
    {
      "commit": "2508ecca29b8d518dcdf63016b2eb771df198de7",
      "path": "../libraries/lib_terminal",
      "type": "c",
      "url": "https://github.com/programming101dev/lib_terminal.git"
    },
    {
      "commit": "a50c7d47f5306c86503acf319214824c94a6ef64",
      "path": "../libraries/lib_time",
      "type": "c",
      "url": "https://github.com/programming101dev/lib_time.git"
    },
    {
      "commit": "a51a7b0634f15267e630cf4b6fb338b3e7740cef",
      "path": "../libraries/lib_identity",
      "type": "c",
      "url": "https://github.com/programming101dev/lib_identity.git"
    },
    {
      "commit": "f0b0917f88c79850d1f47a5e93748e171d31bb4a",
      "path": "../libraries/lib_text",
      "type": "c",
      "url": "https://github.com/programming101dev/lib_text.git"
    },
    {
      "commit": "c9c228dfa2f392ad5472f5a0171a7924219fe9bd",
      "path": "../libraries/lib_locale",
      "type": "c",
      "url": "https://github.com/programming101dev/lib_locale.git"
    },
    {
      "commit": "15c3c8f73020481a4d49b7c0dd89558776529df1",
      "path": "../libraries/lib_math",
      "type": "c",
      "url": "https://github.com/programming101dev/lib_math.git"
    },
    {
      "commit": "2f5ea8ad1bf170cdb56c2c2649b69c0937c6b94b",
      "path": "../libraries/lib_search",
      "type": "c",
      "url": "https://github.com/programming101dev/lib_search.git"
    },
    {
      "commit": "b022376f347a776ee7639c34795c6ebfa5c8911c",
      "path": "../libraries/lib_dynamic_linking",
      "type": "c",
      "url": "https://github.com/programming101dev/lib_dynamic_linking.git"
    },
    {
      "commit": "9ae2fff6830c3b8db9c9b4a5da1b4f7fe74d47cc",
      "path": "../libraries/lib_diagnostics",
      "type": "c",
      "url": "https://github.com/programming101dev/lib_diagnostics.git"
    },
    {
      "commit": "cf766bce1919f22b6ef9d2af35ec423a95edca98",
      "path": "../libraries/lib_database",
      "type": "c",
      "url": "https://github.com/programming101dev/lib_database.git"
    },
    {
      "commit": "e28e5a9284942757b36ab37dceca48a4f02b87b4",
      "path": "../libraries/lib_cli",
      "type": "c",
      "url": "https://github.com/programming101dev/lib_cli.git"
    },
    {
      "commit": "d307d47eaefc2f816144f6ca39166ce99a8b5132",
      "path": "../libraries/lib_random",
      "type": "c",
      "url": "https://github.com/programming101dev/lib_random.git"
    },
    {
      "commit": "5dea9caccf0b2a8c6a228ef77e471ab4aa3f2f6f",
      "path": "../libraries/lib_host",
      "type": "c",
      "url": "https://github.com/programming101dev/lib_host.git"
    },
    {
      "commit": "fcff51a7826d20be4bd16b0674f011accc424185",
      "path": "../libraries/lib_fsm",
      "type": "c",
      "url": "https://github.com/programming101dev/lib_fsm.git"
    },
    {
      "commit": "c03d793ac4e2e948948f663274d46e2834a831d7",
      "path": "../libraries/lib_util",
      "type": "c",
      "url": "https://github.com/programming101dev/lib_util.git"
    },
    {
      "commit": "8952c65a6c5754c07703912216dbf48d4d569c6f",
      "path": "../libraries/lib_convert",
      "type": "c",
      "url": "https://github.com/programming101dev/lib_convert.git"
    },
    {
      "commit": "4d0ca19b3d435bf6a646a3a8664782143d6c6f4d",
      "path": "../programs/simple-port-forwarder",
      "type": "c",
      "url": "https://github.com/programming101dev/simple-port-forwarder.git"
    },
    {
      "commit": "07119afd9297bee77494852cd927115c0f7eeb12",
      "path": "../programs/p101-observe",
      "type": "c",
      "url": "https://github.com/programming101dev/p101-observe.git"
    },
    {
      "commit": "171113b9e6a394205eebaf19cae57eb9af4b23aa",
      "path": "../programs/p101-error-path-walk",
      "type": "c",
      "url": "https://github.com/programming101dev/p101-error-path-walk.git"
    },
    {
      "commit": "82436a2dbc2c53a312d9095a475cdad6c8d00650",
      "path": "../programs/p101-error-contract",
      "type": "c",
      "url": "https://github.com/programming101dev/p101-error-contract.git"
    },
    {
      "commit": "4576b37b61d1e492196e9dbe259bf7c09decd298",
      "path": "../programs/p101-wrapper-audit",
      "type": "c",
      "url": "https://github.com/programming101dev/p101-wrapper-audit.git"
    },
    {
      "commit": "3f932decd4f489a0d7bed75fd1691e281a2e50b1",
      "path": "../programs/p101-doctor",
      "type": "c",
      "url": "https://github.com/programming101dev/p101-doctor.git"
    },
    {
      "commit": "f716a0fe907e585ffa78d3adfeee467994e298fc",
      "path": "../programs/p101-module-map",
      "type": "c",
      "url": "https://github.com/programming101dev/p101-module-map.git"
    },
    {
      "commit": "3d7427998fa179b0a6fe0add03043876c358d625",
      "path": "../programs/p101-mutation-check",
      "type": "c",
      "url": "https://github.com/programming101dev/p101-mutation-check.git"
    },
    {
      "commit": "e297086e308ea0d3648d4732e023a5829a80736e",
      "path": "../playgrounds",
      "type": "c",
      "url": "https://github.com/programming101dev/playgrounds.git"
    },
    {
      "commit": "650c62282f008d1143ecbaa0977534e35fa64d25",
      "path": "../templates/template-c",
      "type": "c",
      "url": "https://github.com/programming101dev/template-c.git"
    },
    {
      "commit": "108359a9e51d224738485efb1b575e91a24dcbf0",
      "path": "../templates/template-c-program",
      "type": "c",
      "url": "https://github.com/programming101dev/template-c-program.git"
    },
    {
      "commit": "54ca10245734df9af77e7938356134776df75ac3",
      "path": "../templates/template-cxx",
      "type": "cxx",
      "url": "https://github.com/programming101dev/template-cpp.git"
    },
    {
      "commit": "b46df8f11b6d50f589e7488a5371eb7c4b898ad4",
      "path": "../examples/c-examples",
      "type": "c",
      "url": "https://github.com/programming101dev/c-examples.git"
    },
    {
      "commit": "b0b6b2fe8f68453c64b290465eedfbda467060a1",
      "path": "../examples/lib_c_examples",
      "type": "c",
      "url": "https://github.com/programming101dev/lib_c_examples.git"
    },
    {
      "commit": "77ff5e1121f21708226d4436ed33ff846d16c435",
      "path": "../examples/lib_env_examples",
      "type": "c",
      "url": "https://github.com/programming101dev/lib_env_examples.git"
    },
    {
      "commit": "0ffacb4d659f856270a5df7cdfc73c823c88a9db",
      "path": "../examples/lib_error_examples",
      "type": "c",
      "url": "https://github.com/programming101dev/lib_error_examples.git"
    },
    {
      "commit": "98cd207b533c3cae01c4e523cc8f7c2935d2bd2c",
      "path": "../examples/lib_fsm_examples",
      "type": "c",
      "url": "https://github.com/programming101dev/lib_fsm_examples.git"
    }
  ],
  "schema": "p101-repository-lock-v1"
}
